
Microsoft Visual Studio Solution File, Format Version 12.00
# Visual Studio Version 17
VisualStudioVersion = 17.5.002.0
MinimumVisualStudioVersion = 10.0.40219.1
Project("{2150E333-8FDC-42A3-9474-1A3956D46DE8}") = "Back", "Back", "{E2754E9A-C4D1-4C69-97F2-810039DA8272}"
EndProject
Project("{2150E333-8FDC-42A3-9474-1A3956D46DE8}") = "src", "src", "{86FEB662-0E4C-42C5-AA2C-0E91EBB2E31D}"
EndProject
Project("{9A19103F-16F7-4668-BE54-9A1E7A4F7556}") = "ProEventos.API", "Back\src\ProEventos.API\ProEventos.API.csproj", "{C2740019-6F5C-411D-A9FA-09A8DC06798C}"
EndProject
Global
	GlobalSection(SolutionConfigurationPlatforms) = preSolution
		Debug|Any CPU = Debug|Any CPU
		Release|Any CPU = Release|Any CPU
	EndGlobalSection
	GlobalSection(ProjectConfigurationPlatforms) = postSolution
		{C2740019-6F5C-411D-A9FA-09A8DC06798C}.Debug|Any CPU.ActiveCfg = Debug|Any CPU
		{C2740019-6F5C-411D-A9FA-09A8DC06798C}.Debug|Any CPU.Build.0 = Debug|Any CPU
		{C2740019-6F5C-411D-A9FA-09A8DC06798C}.Release|Any CPU.ActiveCfg = Release|Any CPU
		{C2740019-6F5C-411D-A9FA-09A8DC06798C}.Release|Any CPU.Build.0 = Release|Any CPU
	EndGlobalSection
	GlobalSection(SolutionProperties) = preSolution
		HideSolutionNode = FALSE
	EndGlobalSection
	GlobalSection(NestedProjects) = preSolution
		{86FEB662-0E4C-42C5-AA2C-0E91EBB2E31D} = {E2754E9A-C4D1-4C69-97F2-810039DA8272}
		{C2740019-6F5C-411D-A9FA-09A8DC06798C} = {86FEB662-0E4C-42C5-AA2C-0E91EBB2E31D}
	EndGlobalSection
	GlobalSection(ExtensibilityGlobals) = postSolution
		SolutionGuid = {50BF2E81-2ECD-43E3-96DD-338C6327C454}
	EndGlobalSection
EndGlobal
